NeoBundleLock YouCompleteMe a24cc3c66247dc7338855a9831e27b1fd4f7106b
NeoBundleLock ack.vim 923507cadc0b8b73b238db67a28a7ed00194f319
NeoBundleLock gist-vim c39e5e317d88da71da338c07af492c7a27efcf0a
NeoBundleLock neobundle.vim 92bfcb3c5ece7de46d728bcaf1ef0f3959a6bb58
NeoBundleLock neomru.vim b12f9a57ce83af86e585e1f23611f5a243d9fa60
NeoBundleLock tagbar 7b36c46d17d57db34fdb0adac9ba6382d0bb5e66
NeoBundleLock ultisnips c3a0924b777dbba2f8612950bd8f8a00df18d1bf
NeoBundleLock unite.vim 66196701d05e7b941607ca28b1dcc67ef7c5c133
NeoBundleLock vim-airline b29e01fa22ee8b8eb02cf505382a90b045b4bc64
NeoBundleLock vim-colorschemes 81c6dd7ce3169e5ad9ba92422ba6e1ce5b074e36
NeoBundleLock vim-fugitive 1c844375fa2762e3b7c16294fa36afee6fef28b1
NeoBundleLock vim-gitgutter 339f8ba079ed7d465ca442c9032b36bc56c21f61
NeoBundleLock vim-go 3df3cbf2e7ab9d76fd67f9f4077060b4450ba90c
NeoBundleLock vim-json f5e3181d0b33a9c51377bb7ea8492feddca8b503
NeoBundleLock vim-octopress 00f77718507782b2916e8b96e73343fd276a5da0
NeoBundleLock vim-repeat 7a6675f092842c8f81e71d5345bd7cdbf3759415
NeoBundleLock vim-snippets 69c918175c77c0a0516c3ab587509a3eca38b3ae
NeoBundleLock vim-surround 772ab9587b7d1e2c3bae75395c9123803059ba8a
NeoBundleLock vimproc.vim c286dcbdfca9e0ee1a4cb90f09c3f03638112f5a
